{
  "name": "saad",
  "version": "1.0.0",
  "lockfileVersion": 1,
  "requires": true,
  "dependencies": {
    "@types/spotify-web-api-js": {
      "version": "0.21.0",
      "resolved": "https://registry.npmjs.org/@types/spotify-web-api-js/-/spotify-web-api-js-0.21.0.tgz",
      "integrity": "sha1-qEpB90Yg58fbCq/Ke17TTVk5tmk=",
      "dev": true,
      "requires": {
        "spotify-web-api-js": "*"
      }
    },
    "spotify-web-api-js": {
      "version": "1.2.0",
      "resolved": "https://registry.npmjs.org/spotify-web-api-js/-/spotify-web-api-js-1.2.0.tgz",
      "integrity": "sha512-S5Awpk/uDwbn5WQbZmnU3RG/Hi68yX6ElQy9ewUu+ZSWiswufp50Vfg7vvXPaRfflL5/p/SOaU2x1idNRrzADA=="
    },
    "typescript": {
      "version": "3.4.5",
      "resolved": "https://registry.npmjs.org/typescript/-/typescript-3.4.5.tgz",
      "integrity": "sha512-YycBxUb49UUhdNMU5aJ7z5Ej2XGmaIBL0x34vZ82fn3hGvD+bgrMrVDpatgz2f7YxUMJxMkbWxJZeAvDxVe7Vw=="
    }
  }
}
